// !$*UTF8*$!
{
	archiveVersion = 1;
	classes = {
	};
	objectVersion = 56;
	objects = {

/* Begin PBXBuildFile section */
		7E5C7D5C2BAFD3F60023C7F6 /* DressCodeApp.swift in Sources */ = {isa = PBXBuildFile; fileRef = 7E5C7D5B2BAFD3F60023C7F6 /* DressCodeApp.swift */; };
		7E5C7D602BAFD3F70023C7F6 /* Assets.xcassets in Resources */ = {isa = PBXBuildFile; fileRef = 7E5C7D5F2BAFD3F70023C7F6 /* Assets.xcassets */; };
		7E5C7D632BAFD3F70023C7F6 /* Preview Assets.xcassets in Resources */ = {isa = PBXBuildFile; fileRef = 7E5C7D622BAFD3F70023C7F6 /* Preview Assets.xcassets */; };
		7E5C7D712BAFD5AB0023C7F6 /* SplashView.swift in Sources */ = {isa = PBXBuildFile; fileRef = 7E5C7D702BAFD5AB0023C7F6 /* SplashView.swift */; };
		7E5C7D742BAFD9820023C7F6 /* ColorExtensions.swift in Sources */ = {isa = PBXBuildFile; fileRef = 7E5C7D732BAFD9820023C7F6 /* ColorExtensions.swift */; };
		7E5C7D762BAFDAA30023C7F6 /* ContentView.swift in Sources */ = {isa = PBXBuildFile; fileRef = 7E5C7D752BAFDAA30023C7F6 /* ContentView.swift */; };
		7E5C7D782BAFDCF60023C7F6 /* HomeView.swift in Sources */ = {isa = PBXBuildFile; fileRef = 7E5C7D772BAFDCF60023C7F6 /* HomeView.swift */; };
		7E5C7D7C2BAFDDBA0023C7F6 /* HeaderView.swift in Sources */ = {isa = PBXBuildFile; fileRef = 7E5C7D7B2BAFDDBA0023C7F6 /* HeaderView.swift */; };
		7E5C7D7E2BAFDE120023C7F6 /* TypeAliases.swift in Sources */ = {isa = PBXBuildFile; fileRef = 7E5C7D7D2BAFDE120023C7F6 /* TypeAliases.swift */; };
		7E5C7D802BAFF1DF0023C7F6 /* Constants.swift in Sources */ = {isa = PBXBuildFile; fileRef = 7E5C7D7F2BAFF1DF0023C7F6 /* Constants.swift */; };
		7E5C7D852BAFF2C50023C7F6 /* Kingfisher in Frameworks */ = {isa = PBXBuildFile; productRef = 7E5C7D842BAFF2C50023C7F6 /* Kingfisher */; };
		7E5C7D872BAFFDAB0023C7F6 /* Enums.swift in Sources */ = {isa = PBXBuildFile; fileRef = 7E5C7D862BAFFDAB0023C7F6 /* Enums.swift */; };
		7E5C7D892BAFFDF60023C7F6 /* NavBarView.swift in Sources */ = {isa = PBXBuildFile; fileRef = 7E5C7D882BAFFDF60023C7F6 /* NavBarView.swift */; };
		7E5C7D8B2BB005860023C7F6 /* HomeContentView.swift in Sources */ = {isa = PBXBuildFile; fileRef = 7E5C7D8A2BB005860023C7F6 /* HomeContentView.swift */; };
		7E5C7D8D2BB00ABB0023C7F6 /* ProductModel.swift in Sources */ = {isa = PBXBuildFile; fileRef = 7E5C7D8C2BB00ABB0023C7F6 /* ProductModel.swift */; };
		7E5C7D8F2BB00AC90023C7F6 /* CartItemModel.swift in Sources */ = {isa = PBXBuildFile; fileRef = 7E5C7D8E2BB00AC90023C7F6 /* CartItemModel.swift */; };
		7E5C7D912BB00AFC0023C7F6 /* HomeDataModel.swift in Sources */ = {isa = PBXBuildFile; fileRef = 7E5C7D902BB00AFC0023C7F6 /* HomeDataModel.swift */; };
		7E5C7D932BB00C550023C7F6 /* CategoryModel.swift in Sources */ = {isa = PBXBuildFile; fileRef = 7E5C7D922BB00C550023C7F6 /* CategoryModel.swift */; };
		7E5C7D952BB00C890023C7F6 /* GenderCategoryModel.swift in Sources */ = {isa = PBXBuildFile; fileRef = 7E5C7D942BB00C890023C7F6 /* GenderCategoryModel.swift */; };
		7E5C7D972BB00E020023C7F6 /* SampleObjects.swift in Sources */ = {isa = PBXBuildFile; fileRef = 7E5C7D962BB00E020023C7F6 /* SampleObjects.swift */; };
		7E5C7D992BB040550023C7F6 /* ProductItemView.swift in Sources */ = {isa = PBXBuildFile; fileRef = 7E5C7D982BB040550023C7F6 /* ProductItemView.swift */; };
		7E5C7D9D2BB04E6C0023C7F6 /* HomeViewModel.swift in Sources */ = {isa = PBXBuildFile; fileRef = 7E5C7D9C2BB04E6C0023C7F6 /* HomeViewModel.swift */; };
		7E5C7D9F2BB04E830023C7F6 /* ProductsViewModel.swift in Sources */ = {isa = PBXBuildFile; fileRef = 7E5C7D9E2BB04E830023C7F6 /* ProductsViewModel.swift */; };
		7E5C7DA12BB04F810023C7F6 /* ProductDetailsView.swift in Sources */ = {isa = PBXBuildFile; fileRef = 7E5C7DA02BB04F810023C7F6 /* ProductDetailsView.swift */; };
		7E8C91632BB06988001B8164 /* LoginView.swift in Sources */ = {isa = PBXBuildFile; fileRef = 7E8C91622BB06988001B8164 /* LoginView.swift */; };
		7E8C91652BB075B8001B8164 /* LoginViewModel.swift in Sources */ = {isa = PBXBuildFile; fileRef = 7E8C91642BB075B8001B8164 /* LoginViewModel.swift */; };
		7E8C91672BB08EF2001B8164 /* NavigationUtil.swift in Sources */ = {isa = PBXBuildFile; fileRef = 7E8C91662BB08EF2001B8164 /* NavigationUtil.swift */; };
		7E8C91692BB092FE001B8164 /* SideView.swift in Sources */ = {isa = PBXBuildFile; fileRef = 7E8C91682BB092FE001B8164 /* SideView.swift */; };
		7E8C916B2BB0939C001B8164 /* SideCategoriesView.swift in Sources */ = {isa = PBXBuildFile; fileRef = 7E8C916A2BB0939C001B8164 /* SideCategoriesView.swift */; };
		7E8C916D2BB095A0001B8164 /* GenderView.swift in Sources */ = {isa = PBXBuildFile; fileRef = 7E8C916C2BB095A0001B8164 /* GenderView.swift */; };
		7E8C916F2BB0A2BA001B8164 /* SideCartView.swift in Sources */ = {isa = PBXBuildFile; fileRef = 7E8C916E2BB0A2BA001B8164 /* SideCartView.swift */; };
		7E8C91712BB0A38F001B8164 /* CheckoutView.swift in Sources */ = {isa = PBXBuildFile; fileRef = 7E8C91702BB0A38F001B8164 /* CheckoutView.swift */; };
		7E8C91732BB0A3C3001B8164 /* CartItemView.swift in Sources */ = {isa = PBXBuildFile; fileRef = 7E8C91722BB0A3C3001B8164 /* CartItemView.swift */; };
/* End PBXBuildFile section */

/* Begin PBXFileReference section */
		7E5C7D582BAFD3F60023C7F6 /* DressCode.app */ = {isa = PBXFileReference; explicitFileType = wrapper.application; includeInIndex = 0; path = DressCode.app; sourceTree = BUILT_PRODUCTS_DIR; };
		7E5C7D5B2BAFD3F60023C7F6 /* DressCodeApp.swift */ = {isa = PBXFileReference; lastKnownFileType = sourcecode.swift; path = DressCodeApp.swift; sourceTree = "<group>"; };
		7E5C7D5F2BAFD3F70023C7F6 /* Assets.xcassets */ = {isa = PBXFileReference; lastKnownFileType = folder.assetcatalog; path = Assets.xcassets; sourceTree = "<group>"; };
		7E5C7D622BAFD3F70023C7F6 /* Preview Assets.xcassets */ = {isa = PBXFileReference; lastKnownFileType = folder.assetcatalog; path = "Preview Assets.xcassets"; sourceTree = "<group>"; };
		7E5C7D702BAFD5AB0023C7F6 /* SplashView.swift */ = {isa = PBXFileReference; lastKnownFileType = sourcecode.swift; path = SplashView.swift; sourceTree = "<group>"; };
		7E5C7D732BAFD9820023C7F6 /* ColorExtensions.swift */ = {isa = PBXFileReference; lastKnownFileType = sourcecode.swift; path = ColorExtensions.swift; sourceTree = "<group>"; };
		7E5C7D752BAFDAA30023C7F6 /* ContentView.swift */ = {isa = PBXFileReference; lastKnownFileType = sourcecode.swift; path = ContentView.swift; sourceTree = "<group>"; };
		7E5C7D772BAFDCF60023C7F6 /* HomeView.swift */ = {isa = PBXFileReference; lastKnownFileType = sourcecode.swift; path = HomeView.swift; sourceTree = "<group>"; };
		7E5C7D7B2BAFDDBA0023C7F6 /* HeaderView.swift */ = {isa = PBXFileReference; lastKnownFileType = sourcecode.swift; path = HeaderView.swift; sourceTree = "<group>"; };
		7E5C7D7D2BAFDE120023C7F6 /* TypeAliases.swift */ = {isa = PBXFileReference; lastKnownFileType = sourcecode.swift; path = TypeAliases.swift; sourceTree = "<group>"; };
		7E5C7D7F2BAFF1DF0023C7F6 /* Constants.swift */ = {isa = PBXFileReference; lastKnownFileType = sourcecode.swift; path = Constants.swift; sourceTree = "<group>"; };
		7E5C7D812BAFF1FC0023C7F6 /* TenorSans-Regular.ttf */ = {isa = PBXFileReference; lastKnownFileType = file; path = "TenorSans-Regular.ttf"; sourceTree = "<group>"; };
		7E5C7D822BAFF20A0023C7F6 /* Info.plist */ = {isa = PBXFileReference; lastKnownFileType = text.plist; path = Info.plist; sourceTree = "<group>"; };
		7E5C7D862BAFFDAB0023C7F6 /* Enums.swift */ = {isa = PBXFileReference; lastKnownFileType = sourcecode.swift; path = Enums.swift; sourceTree = "<group>"; };
		7E5C7D882BAFFDF60023C7F6 /* NavBarView.swift */ = {isa = PBXFileReference; lastKnownFileType = sourcecode.swift; path = NavBarView.swift; sourceTree = "<group>"; };
		7E5C7D8A2BB005860023C7F6 /* HomeContentView.swift */ = {isa = PBXFileReference; lastKnownFileType = sourcecode.swift; path = HomeContentView.swift; sourceTree = "<group>"; };
		7E5C7D8C2BB00ABB0023C7F6 /* ProductModel.swift */ = {isa = PBXFileReference; lastKnownFileType = sourcecode.swift; path = ProductModel.swift; sourceTree = "<group>"; };
		7E5C7D8E2BB00AC90023C7F6 /* CartItemModel.swift */ = {isa = PBXFileReference; lastKnownFileType = sourcecode.swift; name = CartItemModel.swift; path = ../../../../CartItemModel.swift; sourceTree = "<group>"; };
		7E5C7D902BB00AFC0023C7F6 /* HomeDataModel.swift */ = {isa = PBXFileReference; lastKnownFileType = sourcecode.swift; path = HomeDataModel.swift; sourceTree = "<group>"; };
		7E5C7D922BB00C550023C7F6 /* CategoryModel.swift */ = {isa = PBXFileReference; lastKnownFileType = sourcecode.swift; path = CategoryModel.swift; sourceTree = "<group>"; };
		7E5C7D942BB00C890023C7F6 /* GenderCategoryModel.swift */ = {isa = PBXFileReference; lastKnownFileType = sourcecode.swift; path = GenderCategoryModel.swift; sourceTree = "<group>"; };
		7E5C7D962BB00E020023C7F6 /* SampleObjects.swift */ = {isa = PBXFileReference; lastKnownFileType = sourcecode.swift; path = SampleObjects.swift; sourceTree = "<group>"; };
		7E5C7D982BB040550023C7F6 /* ProductItemView.swift */ = {isa = PBXFileReference; lastKnownFileType = sourcecode.swift; path = ProductItemView.swift; sourceTree = "<group>"; };
		7E5C7D9C2BB04E6C0023C7F6 /* HomeViewModel.swift */ = {isa = PBXFileReference; lastKnownFileType = sourcecode.swift; path = HomeViewModel.swift; sourceTree = "<group>"; };
		7E5C7D9E2BB04E830023C7F6 /* ProductsViewModel.swift */ = {isa = PBXFileReference; lastKnownFileType = sourcecode.swift; path = ProductsViewModel.swift; sourceTree = "<group>"; };
		7E5C7DA02BB04F810023C7F6 /* ProductDetailsView.swift */ = {isa = PBXFileReference; lastKnownFileType = sourcecode.swift; path = ProductDetailsView.swift; sourceTree = "<group>"; };
		7E8C91622BB06988001B8164 /* LoginView.swift */ = {isa = PBXFileReference; lastKnownFileType = sourcecode.swift; path = LoginView.swift; sourceTree = "<group>"; };
		7E8C91642BB075B8001B8164 /* LoginViewModel.swift */ = {isa = PBXFileReference; lastKnownFileType = sourcecode.swift; path = LoginViewModel.swift; sourceTree = "<group>"; };
		7E8C91662BB08EF2001B8164 /* NavigationUtil.swift */ = {isa = PBXFileReference; lastKnownFileType = sourcecode.swift; path = NavigationUtil.swift; sourceTree = "<group>"; };
		7E8C91682BB092FE001B8164 /* SideView.swift */ = {isa = PBXFileReference; lastKnownFileType = sourcecode.swift; path = SideView.swift; sourceTree = "<group>"; };
		7E8C916A2BB0939C001B8164 /* SideCategoriesView.swift */ = {isa = PBXFileReference; lastKnownFileType = sourcecode.swift; path = SideCategoriesView.swift; sourceTree = "<group>"; };
		7E8C916C2BB095A0001B8164 /* GenderView.swift */ = {isa = PBXFileReference; lastKnownFileType = sourcecode.swift; path = GenderView.swift; sourceTree = "<group>"; };
		7E8C916E2BB0A2BA001B8164 /* SideCartView.swift */ = {isa = PBXFileReference; lastKnownFileType = sourcecode.swift; path = SideCartView.swift; sourceTree = "<group>"; };
		7E8C91702BB0A38F001B8164 /* CheckoutView.swift */ = {isa = PBXFileReference; lastKnownFileType = sourcecode.swift; path = CheckoutView.swift; sourceTree = "<group>"; };
		7E8C91722BB0A3C3001B8164 /* CartItemView.swift */ = {isa = PBXFileReference; lastKnownFileType = sourcecode.swift; path = CartItemView.swift; sourceTree = "<group>"; };
/* End PBXFileReference section */

/* Begin PBXFrameworksBuildPhase section */
		7E5C7D552BAFD3F60023C7F6 /* Frameworks */ = {
			isa = PBXFrameworksBuildPhase;
			buildActionMask = 2147483647;
			files = (
				7E5C7D852BAFF2C50023C7F6 /* Kingfisher in Frameworks */,
			);
			runOnlyForDeploymentPostprocessing = 0;
		};
/* End PBXFrameworksBuildPhase section */

/* Begin PBXGroup section */
		7E5C7D4F2BAFD3F60023C7F6 = {
			isa = PBXGroup;
			children = (
				7E5C7D5A2BAFD3F60023C7F6 /* DressCode */,
				7E5C7D592BAFD3F60023C7F6 /* Products */,
			);
			sourceTree = "<group>";
		};
		7E5C7D592BAFD3F60023C7F6 /* Products */ = {
			isa = PBXGroup;
			children = (
				7E5C7D582BAFD3F60023C7F6 /* DressCode.app */,
			);
			name = Products;
			sourceTree = "<group>";
		};
		7E5C7D5A2BAFD3F60023C7F6 /* DressCode */ = {
			isa = PBXGroup;
			children = (
				7E5C7D822BAFF20A0023C7F6 /* Info.plist */,
				7E5C7D6F2BAFD47F0023C7F6 /* Support */,
				7E5C7D6C2BAFD43E0023C7F6 /* Fonts */,
				7E5C7D6B2BAFD4340023C7F6 /* ViewModels */,
				7E5C7D6A2BAFD42B0023C7F6 /* Models */,
				7E5C7D692BAFD41A0023C7F6 /* Views */,
				7E5C7D5B2BAFD3F60023C7F6 /* DressCodeApp.swift */,
				7E5C7D5F2BAFD3F70023C7F6 /* Assets.xcassets */,
				7E5C7D612BAFD3F70023C7F6 /* Preview Content */,
			);
			path = DressCode;
			sourceTree = "<group>";
		};
		7E5C7D612BAFD3F70023C7F6 /* Preview Content */ = {
			isa = PBXGroup;
			children = (
				7E5C7D622BAFD3F70023C7F6 /* Preview Assets.xcassets */,
			);
			path = "Preview Content";
			sourceTree = "<group>";
		};
		7E5C7D692BAFD41A0023C7F6 /* Views */ = {
			isa = PBXGroup;
			children = (
				7E5C7D6E2BAFD4670023C7F6 /* SupportingViews */,
				7E5C7D6D2BAFD45C0023C7F6 /* MainViews */,
			);
			path = Views;
			sourceTree = "<group>";
		};
		7E5C7D6A2BAFD42B0023C7F6 /* Models */ = {
			isa = PBXGroup;
			children = (
				7E5C7D8C2BB00ABB0023C7F6 /* ProductModel.swift */,
				7E5C7D8E2BB00AC90023C7F6 /* CartItemModel.swift */,
				7E5C7D902BB00AFC0023C7F6 /* HomeDataModel.swift */,
				7E5C7D922BB00C550023C7F6 /* CategoryModel.swift */,
				7E5C7D942BB00C890023C7F6 /* GenderCategoryModel.swift */,
			);
			path = Models;
			sourceTree = "<group>";
		};
		7E5C7D6B2BAFD4340023C7F6 /* ViewModels */ = {
			isa = PBXGroup;
			children = (
				7E5C7D9C2BB04E6C0023C7F6 /* HomeViewModel.swift */,
				7E5C7D9E2BB04E830023C7F6 /* ProductsViewModel.swift */,
				7E8C91642BB075B8001B8164 /* LoginViewModel.swift */,
			);
			path = ViewModels;
			sourceTree = "<group>";
		};
		7E5C7D6C2BAFD43E0023C7F6 /* Fonts */ = {
			isa = PBXGroup;
			children = (
				7E5C7D812BAFF1FC0023C7F6 /* TenorSans-Regular.ttf */,
			);
			path = Fonts;
			sourceTree = "<group>";
		};
		7E5C7D6D2BAFD45C0023C7F6 /* MainViews */ = {
			isa = PBXGroup;
			children = (
				7E5C7D702BAFD5AB0023C7F6 /* SplashView.swift */,
				7E5C7D752BAFDAA30023C7F6 /* ContentView.swift */,
				7E5C7D772BAFDCF60023C7F6 /* HomeView.swift */,
				7E5C7DA02BB04F810023C7F6 /* ProductDetailsView.swift */,
				7E8C91622BB06988001B8164 /* LoginView.swift */,
				7E8C916A2BB0939C001B8164 /* SideCategoriesView.swift */,
				7E8C916E2BB0A2BA001B8164 /* SideCartView.swift */,
				7E8C91702BB0A38F001B8164 /* CheckoutView.swift */,
			);
			path = MainViews;
			sourceTree = "<group>";
		};
		7E5C7D6E2BAFD4670023C7F6 /* SupportingViews */ = {
			isa = PBXGroup;
			children = (
				7E5C7D7B2BAFDDBA0023C7F6 /* HeaderView.swift */,
				7E5C7D882BAFFDF60023C7F6 /* NavBarView.swift */,
				7E5C7D8A2BB005860023C7F6 /* HomeContentView.swift */,
				7E5C7D982BB040550023C7F6 /* ProductItemView.swift */,
				7E8C91682BB092FE001B8164 /* SideView.swift */,
				7E8C916C2BB095A0001B8164 /* GenderView.swift */,
				7E8C91722BB0A3C3001B8164 /* CartItemView.swift */,
			);
			path = SupportingViews;
			sourceTree = "<group>";
		};
		7E5C7D6F2BAFD47F0023C7F6 /* Support */ = {
			isa = PBXGroup;
			children = (
				7E5C7D722BAFD9680023C7F6 /* Extensions */,
				7E5C7D7D2BAFDE120023C7F6 /* TypeAliases.swift */,
				7E5C7D7F2BAFF1DF0023C7F6 /* Constants.swift */,
				7E5C7D862BAFFDAB0023C7F6 /* Enums.swift */,
				7E5C7D962BB00E020023C7F6 /* SampleObjects.swift */,
				7E8C91662BB08EF2001B8164 /* NavigationUtil.swift */,
			);
			path = Support;
			sourceTree = "<group>";
		};
		7E5C7D722BAFD9680023C7F6 /* Extensions */ = {
			isa = PBXGroup;
			children = (
				7E5C7D732BAFD9820023C7F6 /* ColorExtensions.swift */,
			);
			path = Extensions;
			sourceTree = "<group>";
		};
/* End PBXGroup section */

/* Begin PBXNativeTarget section */
		7E5C7D572BAFD3F60023C7F6 /* DressCode */ = {
			isa = PBXNativeTarget;
			buildConfigurationList = 7E5C7D662BAFD3F70023C7F6 /* Build configuration list for PBXNativeTarget "DressCode" */;
			buildPhases = (
				7E5C7D542BAFD3F60023C7F6 /* Sources */,
				7E5C7D552BAFD3F60023C7F6 /* Frameworks */,
				7E5C7D562BAFD3F60023C7F6 /* Resources */,
			);
			buildRules = (
			);
			dependencies = (
			);
			name = DressCode;
			packageProductDependencies = (
				7E5C7D842BAFF2C50023C7F6 /* Kingfisher */,
			);
			productName = DressCode;
			productReference = 7E5C7D582BAFD3F60023C7F6 /* DressCode.app */;
			productType = "com.apple.product-type.application";
		};
/* End PBXNativeTarget section */

/* Begin PBXProject section */
		7E5C7D502BAFD3F60023C7F6 /* Project object */ = {
			isa = PBXProject;
			attributes = {
				BuildIndependentTargetsInParallel = 1;
				LastSwiftUpdateCheck = 1530;
				LastUpgradeCheck = 1530;
				TargetAttributes = {
					7E5C7D572BAFD3F60023C7F6 = {
						CreatedOnToolsVersion = 15.3;
					};
				};
			};
			buildConfigurationList = 7E5C7D532BAFD3F60023C7F6 /* Build configuration list for PBXProject "DressCode" */;
			compatibilityVersion = "Xcode 14.0";
			developmentRegion = en;
			hasScannedForEncodings = 0;
			knownRegions = (
				en,
				Base,
			);
			mainGroup = 7E5C7D4F2BAFD3F60023C7F6;
			packageReferences = (
				7E5C7D832BAFF2C50023C7F6 /* XCRemoteSwiftPackageReference "Kingfisher" */,
			);
			productRefGroup = 7E5C7D592BAFD3F60023C7F6 /* Products */;
			projectDirPath = "";
			projectRoot = "";
			targets = (
				7E5C7D572BAFD3F60023C7F6 /* DressCode */,
			);
		};
/* End PBXProject section */

/* Begin PBXResourcesBuildPhase section */
		7E5C7D562BAFD3F60023C7F6 /* Resources */ = {
			isa = PBXResourcesBuildPhase;
			buildActionMask = 2147483647;
			files = (
				7E5C7D632BAFD3F70023C7F6 /* Preview Assets.xcassets in Resources */,
				7E5C7D602BAFD3F70023C7F6 /* Assets.xcassets in Resources */,
			);
			runOnlyForDeploymentPostprocessing = 0;
		};
/* End PBXResourcesBuildPhase section */

/* Begin PBXSourcesBuildPhase section */
		7E5C7D542BAFD3F60023C7F6 /* Sources */ = {
			isa = PBXSourcesBuildPhase;
			buildActionMask = 2147483647;
			files = (
				7E8C916D2BB095A0001B8164 /* GenderView.swift in Sources */,
				7E8C91652BB075B8001B8164 /* LoginViewModel.swift in Sources */,
				7E5C7D9D2BB04E6C0023C7F6 /* HomeViewModel.swift in Sources */,
				7E8C91732BB0A3C3001B8164 /* CartItemView.swift in Sources */,
				7E5C7D5C2BAFD3F60023C7F6 /* DressCodeApp.swift in Sources */,
				7E5C7D7C2BAFDDBA0023C7F6 /* HeaderView.swift in Sources */,
				7E5C7D712BAFD5AB0023C7F6 /* SplashView.swift in Sources */,
				7E8C91672BB08EF2001B8164 /* NavigationUtil.swift in Sources */,
				7E5C7D762BAFDAA30023C7F6 /* ContentView.swift in Sources */,
				7E5C7D912BB00AFC0023C7F6 /* HomeDataModel.swift in Sources */,
				7E5C7D782BAFDCF60023C7F6 /* HomeView.swift in Sources */,
				7E5C7D7E2BAFDE120023C7F6 /* TypeAliases.swift in Sources */,
				7E8C91632BB06988001B8164 /* LoginView.swift in Sources */,
				7E5C7D8B2BB005860023C7F6 /* HomeContentView.swift in Sources */,
				7E5C7D952BB00C890023C7F6 /* GenderCategoryModel.swift in Sources */,
				7E5C7D992BB040550023C7F6 /* ProductItemView.swift in Sources */,
				7E8C916F2BB0A2BA001B8164 /* SideCartView.swift in Sources */,
				7E5C7DA12BB04F810023C7F6 /* ProductDetailsView.swift in Sources */,
				7E8C91692BB092FE001B8164 /* SideView.swift in Sources */,
				7E8C91712BB0A38F001B8164 /* CheckoutView.swift in Sources */,
				7E5C7D8D2BB00ABB0023C7F6 /* ProductModel.swift in Sources */,
				7E8C916B2BB0939C001B8164 /* SideCategoriesView.swift in Sources */,
				7E5C7D742BAFD9820023C7F6 /* ColorExtensions.swift in Sources */,
				7E5C7D8F2BB00AC90023C7F6 /* CartItemModel.swift in Sources */,
				7E5C7D872BAFFDAB0023C7F6 /* Enums.swift in Sources */,
				7E5C7D892BAFFDF60023C7F6 /* NavBarView.swift in Sources */,
				7E5C7D932BB00C550023C7F6 /* CategoryModel.swift in Sources */,
				7E5C7D972BB00E020023C7F6 /* SampleObjects.swift in Sources */,
				7E5C7D9F2BB04E830023C7F6 /* ProductsViewModel.swift in Sources */,
				7E5C7D802BAFF1DF0023C7F6 /* Constants.swift in Sources */,
			);
			runOnlyForDeploymentPostprocessing = 0;
		};
/* End PBXSourcesBuildPhase section */

/* Begin XCBuildConfiguration section */
		7E5C7D642BAFD3F70023C7F6 /* Debug */ = {
			isa = XCBuildConfiguration;
			buildSettings = {
				ALWAYS_SEARCH_USER_PATHS = NO;
				ASSETCATALOG_COMPILER_GENERATE_SWIFT_ASSET_SYMBOL_EXTENSIONS = YES;
				CLANG_ANALYZER_NONNULL = YES;
				CLANG_ANALYZER_NUMBER_OBJECT_CONVERSION = YES_AGGRESSIVE;
				CLANG_CXX_LANGUAGE_STANDARD = "gnu++20";
				CLANG_ENABLE_MODULES = YES;
				CLANG_ENABLE_OBJC_ARC = YES;
				CLANG_ENABLE_OBJC_WEAK = YES;
				CLANG_WARN_BLOCK_CAPTURE_AUTORELEASING = YES;
				CLANG_WARN_BOOL_CONVERSION = YES;
				CLANG_WARN_COMMA = YES;
				CLANG_WARN_CONSTANT_CONVERSION = YES;
				CLANG_WARN_DEPRECATED_OBJC_IMPLEMENTATIONS = YES;
				CLANG_WARN_DIRECT_OBJC_ISA_USAGE = YES_ERROR;
				CLANG_WARN_DOCUMENTATION_COMMENTS = YES;
				CLANG_WARN_EMPTY_BODY = YES;
				CLANG_WARN_ENUM_CONVERSION = YES;
				CLANG_WARN_INFINITE_RECURSION = YES;
				CLANG_WARN_INT_CONVERSION = YES;
				CLANG_WARN_NON_LITERAL_NULL_CONVERSION = YES;
				CLANG_WARN_OBJC_IMPLICIT_RETAIN_SELF = YES;
				CLANG_WARN_OBJC_LITERAL_CONVERSION = YES;
				CLANG_WARN_OBJC_ROOT_CLASS = YES_ERROR;
				CLANG_WARN_QUOTED_INCLUDE_IN_FRAMEWORK_HEADER = YES;
				CLANG_WARN_RANGE_LOOP_ANALYSIS = YES;
				CLANG_WARN_STRICT_PROTOTYPES = YES;
				CLANG_WARN_SUSPICIOUS_MOVE = YES;
				CLANG_WARN_UNGUARDED_AVAILABILITY = YES_AGGRESSIVE;
				CLANG_WARN_UNREACHABLE_CODE = YES;
				CLANG_WARN__DUPLICATE_METHOD_MATCH = YES;
				COPY_PHASE_STRIP = NO;
				DEBUG_INFORMATION_FORMAT = dwarf;
				ENABLE_STRICT_OBJC_MSGSEND = YES;
				ENABLE_TESTABILITY = YES;
				ENABLE_USER_SCRIPT_SANDBOXING = YES;
				GCC_C_LANGUAGE_STANDARD = gnu17;
				GCC_DYNAMIC_NO_PIC = NO;
				GCC_NO_COMMON_BLOCKS = YES;
				GCC_OPTIMIZATION_LEVEL = 0;
				GCC_PREPROCESSOR_DEFINITIONS = (
					"DEBUG=1",
					"$(inherited)",
				);
				GCC_WARN_64_TO_32_BIT_CONVERSION = YES;
				GCC_WARN_ABOUT_RETURN_TYPE = YES_ERROR;
				GCC_WARN_UNDECLARED_SELECTOR = YES;
				GCC_WARN_UNINITIALIZED_AUTOS = YES_AGGRESSIVE;
				GCC_WARN_UNUSED_FUNCTION = YES;
				GCC_WARN_UNUSED_VARIABLE = YES;
				IPHONEOS_DEPLOYMENT_TARGET = 17.4;
				LOCALIZATION_PREFERS_STRING_CATALOGS = YES;
				MTL_ENABLE_DEBUG_INFO = INCLUDE_SOURCE;
				MTL_FAST_MATH = YES;
				ONLY_ACTIVE_ARCH = YES;
				SDKROOT = iphoneos;
				SWIFT_ACTIVE_COMPILATION_CONDITIONS = "DEBUG $(inherited)";
				SWIFT_OPTIMIZATION_LEVEL = "-Onone";
			};
			name = Debug;
		};
		7E5C7D652BAFD3F70023C7F6 /* Release */ = {
			isa = XCBuildConfiguration;
			buildSettings = {
				ALWAYS_SEARCH_USER_PATHS = NO;
				ASSETCATALOG_COMPILER_GENERATE_SWIFT_ASSET_SYMBOL_EXTENSIONS = YES;
				CLANG_ANALYZER_NONNULL = YES;
				CLANG_ANALYZER_NUMBER_OBJECT_CONVERSION = YES_AGGRESSIVE;
				CLANG_CXX_LANGUAGE_STANDARD = "gnu++20";
				CLANG_ENABLE_MODULES = YES;
				CLANG_ENABLE_OBJC_ARC = YES;
				CLANG_ENABLE_OBJC_WEAK = YES;
				CLANG_WARN_BLOCK_CAPTURE_AUTORELEASING = YES;
				CLANG_WARN_BOOL_CONVERSION = YES;
				CLANG_WARN_COMMA = YES;
				CLANG_WARN_CONSTANT_CONVERSION = YES;
				CLANG_WARN_DEPRECATED_OBJC_IMPLEMENTATIONS = YES;
				CLANG_WARN_DIRECT_OBJC_ISA_USAGE = YES_ERROR;
				CLANG_WARN_DOCUMENTATION_COMMENTS = YES;
				CLANG_WARN_EMPTY_BODY = YES;
				CLANG_WARN_ENUM_CONVERSION = YES;
				CLANG_WARN_INFINITE_RECURSION = YES;
				CLANG_WARN_INT_CONVERSION = YES;
				CLANG_WARN_NON_LITERAL_NULL_CONVERSION = YES;
				CLANG_WARN_OBJC_IMPLICIT_RETAIN_SELF = YES;
				CLANG_WARN_OBJC_LITERAL_CONVERSION = YES;
				CLANG_WARN_OBJC_ROOT_CLASS = YES_ERROR;
				CLANG_WARN_QUOTED_INCLUDE_IN_FRAMEWORK_HEADER = YES;
				CLANG_WARN_RANGE_LOOP_ANALYSIS = YES;
				CLANG_WARN_STRICT_PROTOTYPES = YES;
				CLANG_WARN_SUSPICIOUS_MOVE = YES;
				CLANG_WARN_UNGUARDED_AVAILABILITY = YES_AGGRESSIVE;
				CLANG_WARN_UNREACHABLE_CODE = YES;
				CLANG_WARN__DUPLICATE_METHOD_MATCH = YES;
				COPY_PHASE_STRIP = NO;
				DEBUG_INFORMATION_FORMAT = "dwarf-with-dsym";
				ENABLE_NS_ASSERTIONS = NO;
				ENABLE_STRICT_OBJC_MSGSEND = YES;
				ENABLE_USER_SCRIPT_SANDBOXING = YES;
				GCC_C_LANGUAGE_STANDARD = gnu17;
				GCC_NO_COMMON_BLOCKS = YES;
				GCC_WARN_64_TO_32_BIT_CONVERSION = YES;
				GCC_WARN_ABOUT_RETURN_TYPE = YES_ERROR;
				GCC_WARN_UNDECLARED_SELECTOR = YES;
				GCC_WARN_UNINITIALIZED_AUTOS = YES_AGGRESSIVE;
				GCC_WARN_UNUSED_FUNCTION = YES;
				GCC_WARN_UNUSED_VARIABLE = YES;
				IPHONEOS_DEPLOYMENT_TARGET = 17.4;
				LOCALIZATION_PREFERS_STRING_CATALOGS = YES;
				MTL_ENABLE_DEBUG_INFO = NO;
				MTL_FAST_MATH = YES;
				SDKROOT = iphoneos;
				SWIFT_COMPILATION_MODE = wholemodule;
				VALIDATE_PRODUCT = YES;
			};
			name = Release;
		};
		7E5C7D672BAFD3F70023C7F6 /* Debug */ = {
			isa = XCBuildConfiguration;
			buildSettings = {
				ASSETCATALOG_COMPILER_APPICON_NAME = AppIcon;
				ASSETCATALOG_COMPILER_GLOBAL_ACCENT_COLOR_NAME = AccentColor;
				CODE_SIGN_STYLE = Automatic;
				CURRENT_PROJECT_VERSION = 1;
				DEVELOPMENT_ASSET_PATHS = "\"DressCode/Preview Content\"";
				ENABLE_PREVIEWS = YES;
				GENERATE_INFOPLIST_FILE = YES;
				INFOPLIST_FILE = DressCode/Info.plist;
				INFOPLIST_KEY_UIApplicationSceneManifest_Generation = YES;
				INFOPLIST_KEY_UIApplicationSupportsIndirectInputEvents = YES;
				INFOPLIST_KEY_UILaunchScreen_Generation = YES;
				INFOPLIST_KEY_UISupportedInterfaceOrientations_iPad = "UIInterfaceOrientationPortrait UIInterfaceOrientationPortraitUpsideDown UIInterfaceOrientationLandscapeLeft UIInterfaceOrientationLandscapeRight";
				INFOPLIST_KEY_UISupportedInterfaceOrientations_iPhone = "UIInterfaceOrientationPortrait UIInterfaceOrientationLandscapeLeft UIInterfaceOrientationLandscapeRight";
				LD_RUNPATH_SEARCH_PATHS = (
					"$(inherited)",
					"@executable_path/Frameworks",
				);
				MARKETING_VERSION = 1.0;
				PRODUCT_BUNDLE_IDENTIFIER = "Kalindu-Washington.DressCode";
				PRODUCT_NAME = "$(TARGET_NAME)";
				SWIFT_EMIT_LOC_STRINGS = YES;
				SWIFT_VERSION = 5.0;
				TARGETED_DEVICE_FAMILY = "1,2";
			};
			name = Debug;
		};
		7E5C7D682BAFD3F70023C7F6 /* Release */ = {
			isa = XCBuildConfiguration;
			buildSettings = {
				ASSETCATALOG_COMPILER_APPICON_NAME = AppIcon;
				ASSETCATALOG_COMPILER_GLOBAL_ACCENT_COLOR_NAME = AccentColor;
				CODE_SIGN_STYLE = Automatic;
				CURRENT_PROJECT_VERSION = 1;
				DEVELOPMENT_ASSET_PATHS = "\"DressCode/Preview Content\"";
				ENABLE_PREVIEWS = YES;
				GENERATE_INFOPLIST_FILE = YES;
				INFOPLIST_FILE = DressCode/Info.plist;
				INFOPLIST_KEY_UIApplicationSceneManifest_Generation = YES;
				INFOPLIST_KEY_UIApplicationSupportsIndirectInputEvents = YES;
				INFOPLIST_KEY_UILaunchScreen_Generation = YES;
				INFOPLIST_KEY_UISupportedInterfaceOrientations_iPad = "UIInterfaceOrientationPortrait UIInterfaceOrientationPortraitUpsideDown UIInterfaceOrientationLandscapeLeft UIInterfaceOrientationLandscapeRight";
				INFOPLIST_KEY_UISupportedInterfaceOrientations_iPhone = "UIInterfaceOrientationPortrait UIInterfaceOrientationLandscapeLeft UIInterfaceOrientationLandscapeRight";
				LD_RUNPATH_SEARCH_PATHS = (
					"$(inherited)",
					"@executable_path/Frameworks",
				);
				MARKETING_VERSION = 1.0;
				PRODUCT_BUNDLE_IDENTIFIER = "Kalindu-Washington.DressCode";
				PRODUCT_NAME = "$(TARGET_NAME)";
				SWIFT_EMIT_LOC_STRINGS = YES;
				SWIFT_VERSION = 5.0;
				TARGETED_DEVICE_FAMILY = "1,2";
			};
			name = Release;
		};
/* End XCBuildConfiguration section */

/* Begin XCConfigurationList section */
		7E5C7D532BAFD3F60023C7F6 /* Build configuration list for PBXProject "DressCode" */ = {
			isa = XCConfigurationList;
			buildConfigurations = (
				7E5C7D642BAFD3F70023C7F6 /* Debug */,
				7E5C7D652BAFD3F70023C7F6 /* Release */,
			);
			defaultConfigurationIsVisible = 0;
			defaultConfigurationName = Release;
		};
		7E5C7D662BAFD3F70023C7F6 /* Build configuration list for PBXNativeTarget "DressCode" */ = {
			isa = XCConfigurationList;
			buildConfigurations = (
				7E5C7D672BAFD3F70023C7F6 /* Debug */,
				7E5C7D682BAFD3F70023C7F6 /* Release */,
			);
			defaultConfigurationIsVisible = 0;
			defaultConfigurationName = Release;
		};
/* End XCConfigurationList section */

/* Begin XCRemoteSwiftPackageReference section */
		7E5C7D832BAFF2C50023C7F6 /* XCRemoteSwiftPackageReference "Kingfisher" */ = {
			isa = XCRemoteSwiftPackageReference;
			repositoryURL = "https://github.com/onevcat/Kingfisher.git";
			requirement = {
				kind = upToNextMajorVersion;
				minimumVersion = 7.11.0;
			};
		};
/* End XCRemoteSwiftPackageReference section */

/* Begin XCSwiftPackageProductDependency section */
		7E5C7D842BAFF2C50023C7F6 /* Kingfisher */ = {
			isa = XCSwiftPackageProductDependency;
			package = 7E5C7D832BAFF2C50023C7F6 /* XCRemoteSwiftPackageReference "Kingfisher" */;
			productName = Kingfisher;
		};
/* End XCSwiftPackageProductDependency section */
	};
	rootObject = 7E5C7D502BAFD3F60023C7F6 /* Project object */;
}
